// !$*UTF8*$!
{
	archiveVersion = 1;
	classes = {
	};
	objectVersion = 55;
	objects = {

/* Begin PBXBuildFile section */
		6472751C2764B4CF0064512F /* AddTaskView.swift in Sources */ = {isa = PBXBuildFile; fileRef = 6472751B2764B4CF0064512F /* AddTaskView.swift */; };
		B272CF2627647C2A0084952E /* TodoList_AppApp.swift in Sources */ = {isa = PBXBuildFile; fileRef = B272CF2527647C2A0084952E /* TodoList_AppApp.swift */; };
		B272CF2827647C2A0084952E /* ContentView.swift in Sources */ = {isa = PBXBuildFile; fileRef = B272CF2727647C2A0084952E /* ContentView.swift */; };
		B272CF2A27647C2B0084952E /* Assets.xcassets in Resources */ = {isa = PBXBuildFile; fileRef = B272CF2927647C2B0084952E /* Assets.xcassets */; };
		B272CF2D27647C2B0084952E /* Preview Assets.xcassets in Resources */ = {isa = PBXBuildFile; fileRef = B272CF2C27647C2B0084952E /* Preview Assets.xcassets */; };
		B272CF2F27647C2B0084952E /* Persistence.swift in Sources */ = {isa = PBXBuildFile; fileRef = B272CF2E27647C2B0084952E /* Persistence.swift */; };
		B272CF3227647C2B0084952E /* TodoList_App.xcdatamodeld in Sources */ = {isa = PBXBuildFile; fileRef = B272CF3027647C2B0084952E /* TodoList_App.xcdatamodeld */; };
		B272CF3927647D0D0084952E /* TabMenu.swift in Sources */ = {isa = PBXBuildFile; fileRef = B272CF3827647D0D0084952E /* TabMenu.swift */; };
		B272CF3B2764891B0084952E /* ImportantTab.swift in Sources */ = {isa = PBXBuildFile; fileRef = B272CF3A2764891B0084952E /* ImportantTab.swift */; };
/* End PBXBuildFile section */

/* Begin PBXFileReference section */
		6472751B2764B4CF0064512F /* AddTaskView.swift */ = {isa = PBXFileReference; lastKnownFileType = sourcecode.swift; path = AddTaskView.swift; sourceTree = "<group>"; };
		B272CF2227647C2A0084952E /* TodoList App.app */ = {isa = PBXFileReference; explicitFileType = wrapper.application; includeInIndex = 0; path = "TodoList App.app"; sourceTree = BUILT_PRODUCTS_DIR; };
		B272CF2527647C2A0084952E /* TodoList_AppApp.swift */ = {isa = PBXFileReference; lastKnownFileType = sourcecode.swift; path = TodoList_AppApp.swift; sourceTree = "<group>"; };
		B272CF2727647C2A0084952E /* ContentView.swift */ = {isa = PBXFileReference; lastKnownFileType = sourcecode.swift; path = ContentView.swift; sourceTree = "<group>"; };
		B272CF2927647C2B0084952E /* Assets.xcassets */ = {isa = PBXFileReference; lastKnownFileType = folder.assetcatalog; path = Assets.xcassets; sourceTree = "<group>"; };
		B272CF2C27647C2B0084952E /* Preview Assets.xcassets */ = {isa = PBXFileReference; lastKnownFileType = folder.assetcatalog; path = "Preview Assets.xcassets"; sourceTree = "<group>"; };
		B272CF2E27647C2B0084952E /* Persistence.swift */ = {isa = PBXFileReference; lastKnownFileType = sourcecode.swift; path = Persistence.swift; sourceTree = "<group>"; };
		B272CF3127647C2B0084952E /* TodoList_App.xcdatamodel */ = {isa = PBXFileReference; lastKnownFileType = wrapper.xcdatamodel; path = TodoList_App.xcdatamodel; sourceTree = "<group>"; };
		B272CF3827647D0D0084952E /* TabMenu.swift */ = {isa = PBXFileReference; lastKnownFileType = sourcecode.swift; path = TabMenu.swift; sourceTree = "<group>"; };
		B272CF3A2764891B0084952E /* ImportantTab.swift */ = {isa = PBXFileReference; lastKnownFileType = sourcecode.swift; path = ImportantTab.swift; sourceTree = "<group>"; };
/* End PBXFileReference section */

/* Begin PBXFrameworksBuildPhase section */
		B272CF1F27647C2A0084952E /* Frameworks */ = {
			isa = PBXFrameworksBuildPhase;
			buildActionMask = 2147483647;
			files = (
			);
			runOnlyForDeploymentPostprocessing = 0;
		};
/* End PBXFrameworksBuildPhase section */

/* Begin PBXGroup section */
		647275192764B3060064512F /* Views */ = {
			isa = PBXGroup;
			children = (
				B272CF2727647C2A0084952E /* ContentView.swift */,
				B272CF3827647D0D0084952E /* TabMenu.swift */,
				B272CF3A2764891B0084952E /* ImportantTab.swift */,
				6472751B2764B4CF0064512F /* AddTaskView.swift */,
			);
			path = Views;
			sourceTree = "<group>";
		};
		B272CF1927647C2A0084952E = {
			isa = PBXGroup;
			children = (
				B272CF2427647C2A0084952E /* TodoList App */,
				B272CF2327647C2A0084952E /* Products */,
			);
			sourceTree = "<group>";
		};
		B272CF2327647C2A0084952E /* Products */ = {
			isa = PBXGroup;
			children = (
				B272CF2227647C2A0084952E /* TodoList App.app */,
			);
			name = Products;
			sourceTree = "<group>";
		};
		B272CF2427647C2A0084952E /* TodoList App */ = {
			isa = PBXGroup;
			children = (
				B272CF2527647C2A0084952E /* TodoList_AppApp.swift */,
				647275192764B3060064512F /* Views */,
				B272CF2927647C2B0084952E /* Assets.xcassets */,
				B272CF2E27647C2B0084952E /* Persistence.swift */,
				B272CF3027647C2B0084952E /* TodoList_App.xcdatamodeld */,
				B272CF2B27647C2B0084952E /* Preview Content */,
			);
			path = "TodoList App";
			sourceTree = "<group>";
		};
		B272CF2B27647C2B0084952E /* Preview Content */ = {
			isa = PBXGroup;
			children = (
				B272CF2C27647C2B0084952E /* Preview Assets.xcassets */,
			);
			path = "Preview Content";
			sourceTree = "<group>";
		};
/* End PBXGroup section */

/* Begin PBXNativeTarget section */
		B272CF2127647C2A0084952E /* TodoList App */ = {
			isa = PBXNativeTarget;
			buildConfigurationList = B272CF3527647C2B0084952E /* Build configuration list for PBXNativeTarget "TodoList App" */;
			buildPhases = (
				B272CF1E27647C2A0084952E /* Sources */,
				B272CF1F27647C2A0084952E /* Frameworks */,
				B272CF2027647C2A0084952E /* Resources */,
			);
			buildRules = (
			);
			dependencies = (
			);
			name = "TodoList App";
			productName = "TodoList App";
			productReference = B272CF2227647C2A0084952E /* TodoList App.app */;
			productType = "com.apple.product-type.application";
		};
/* End PBXNativeTarget section */

/* Begin PBXProject section */
		B272CF1A27647C2A0084952E /* Project object */ = {
			isa = PBXProject;
			attributes = {
				BuildIndependentTargetsInParallel = 1;
				LastSwiftUpdateCheck = 1310;
				LastUpgradeCheck = 1310;
				TargetAttributes = {
					B272CF2127647C2A0084952E = {
						CreatedOnToolsVersion = 13.1;
					};
				};
			};
			buildConfigurationList = B272CF1D27647C2A0084952E /* Build configuration list for PBXProject "TodoList App" */;
			compatibilityVersion = "Xcode 13.0";
			developmentRegion = en;
			hasScannedForEncodings = 0;
			knownRegions = (
				en,
				Base,
			);
			mainGroup = B272CF1927647C2A0084952E;
			productRefGroup = B272CF2327647C2A0084952E /* Products */;
			projectDirPath = "";
			projectRoot = "";
			targets = (
				B272CF2127647C2A0084952E /* TodoList App */,
			);
		};
/* End PBXProject section */

/* Begin PBXResourcesBuildPhase section */
		B272CF2027647C2A0084952E /* Resources */ = {
			isa = PBXResourcesBuildPhase;
			buildActionMask = 2147483647;
			files = (
				B272CF2D27647C2B0084952E /* Preview Assets.xcassets in Resources */,
				B272CF2A27647C2B0084952E /* Assets.xcassets in Resources */,
			);
			runOnlyForDeploymentPostprocessing = 0;
		};
/* End PBXResourcesBuildPhase section */

/* Begin PBXSourcesBuildPhase section */
		B272CF1E27647C2A0084952E /* Sources */ = {
			isa = PBXSourcesBuildPhase;
			buildActionMask = 2147483647;
			files = (
				B272CF3B2764891B0084952E /* ImportantTab.swift in Sources */,
				6472751C2764B4CF0064512F /* AddTaskView.swift in Sources */,
				B272CF3927647D0D0084952E /* TabMenu.swift in Sources */,
				B272CF2F27647C2B0084952E /* Persistence.swift in Sources */,
				B272CF2827647C2A0084952E /* ContentView.swift in Sources */,
				B272CF2627647C2A0084952E /* TodoList_AppApp.swift in Sources */,
				B272CF3227647C2B0084952E /* TodoList_App.xcdatamodeld in Sources */,
			);
			runOnlyForDeploymentPostprocessing = 0;
		};
/* End PBXSourcesBuildPhase section */

/* Begin XCBuildConfiguration section */
		B272CF3327647C2B0084952E /* Debug */ = {
			isa = XCBuildConfiguration;
			buildSettings = {
				ALWAYS_SEARCH_USER_PATHS = NO;
				CLANG_ANALYZER_NONNULL = YES;
				CLANG_ANALYZER_NUMBER_OBJECT_CONVERSION = YES_AGGRESSIVE;
				CLANG_CXX_LANGUAGE_STANDARD = "gnu++17";
				CLANG_CXX_LIBRARY = "libc++";
				CLANG_ENABLE_MODULES = YES;
				CLANG_ENABLE_OBJC_ARC = YES;
				CLANG_ENABLE_OBJC_WEAK = YES;
				CLANG_WARN_BLOCK_CAPTURE_AUTORELEASING = YES;
				CLANG_WARN_BOOL_CONVERSION = YES;
				CLANG_WARN_COMMA = YES;
				CLANG_WARN_CONSTANT_CONVERSION = YES;
				CLANG_WARN_DEPRECATED_OBJC_IMPLEMENTATIONS = YES;
				CLANG_WARN_DIRECT_OBJC_ISA_USAGE = YES_ERROR;
				CLANG_WARN_DOCUMENTATION_COMMENTS = YES;
				CLANG_WARN_EMPTY_BODY = YES;
				CLANG_WARN_ENUM_CONVERSION = YES;
				CLANG_WARN_INFINITE_RECURSION = YES;
				CLANG_WARN_INT_CONVERSION = YES;
				CLANG_WARN_NON_LITERAL_NULL_CONVERSION = YES;
				CLANG_WARN_OBJC_IMPLICIT_RETAIN_SELF = YES;
				CLANG_WARN_OBJC_LITERAL_CONVERSION = YES;
				CLANG_WARN_OBJC_ROOT_CLASS = YES_ERROR;
				CLANG_WARN_QUOTED_INCLUDE_IN_FRAMEWORK_HEADER = YES;
				CLANG_WARN_RANGE_LOOP_ANALYSIS = YES;
				CLANG_WARN_STRICT_PROTOTYPES = YES;
				CLANG_WARN_SUSPICIOUS_MOVE = YES;
				CLANG_WARN_UNGUARDED_AVAILABILITY = YES_AGGRESSIVE;
				CLANG_WARN_UNREACHABLE_CODE = YES;
				CLANG_WARN__DUPLICATE_METHOD_MATCH = YES;
				COPY_PHASE_STRIP = NO;
				DEBUG_INFORMATION_FORMAT = dwarf;
				ENABLE_STRICT_OBJC_MSGSEND = YES;
				ENABLE_TESTABILITY = YES;
				GCC_C_LANGUAGE_STANDARD = gnu11;
				GCC_DYNAMIC_NO_PIC = NO;
				GCC_NO_COMMON_BLOCKS = YES;
				GCC_OPTIMIZATION_LEVEL = 0;
				GCC_PREPROCESSOR_DEFINITIONS = (
					"DEBUG=1",
					"$(inherited)",
				);
				GCC_WARN_64_TO_32_BIT_CONVERSION = YES;
				GCC_WARN_ABOUT_RETURN_TYPE = YES_ERROR;
				GCC_WARN_UNDECLARED_SELECTOR = YES;
				GCC_WARN_UNINITIALIZED_AUTOS = YES_AGGRESSIVE;
				GCC_WARN_UNUSED_FUNCTION = YES;
				GCC_WARN_UNUSED_VARIABLE = YES;
				IPHONEOS_DEPLOYMENT_TARGET = 15.0;
				MTL_ENABLE_DEBUG_INFO = INCLUDE_SOURCE;
				MTL_FAST_MATH = YES;
				ONLY_ACTIVE_ARCH = YES;
				SDKROOT = iphoneos;
				SWIFT_ACTIVE_COMPILATION_CONDITIONS = DEBUG;
				SWIFT_OPTIMIZATION_LEVEL = "-Onone";
			};
			name = Debug;
		};
		B272CF3427647C2B0084952E /* Release */ = {
			isa = XCBuildConfiguration;
			buildSettings = {
				ALWAYS_SEARCH_USER_PATHS = NO;
				CLANG_ANALYZER_NONNULL = YES;
				CLANG_ANALYZER_NUMBER_OBJECT_CONVERSION = YES_AGGRESSIVE;
				CLANG_CXX_LANGUAGE_STANDARD = "gnu++17";
				CLANG_CXX_LIBRARY = "libc++";
				CLANG_ENABLE_MODULES = YES;
				CLANG_ENABLE_OBJC_ARC = YES;
				CLANG_ENABLE_OBJC_WEAK = YES;
				CLANG_WARN_BLOCK_CAPTURE_AUTORELEASING = YES;
				CLANG_WARN_BOOL_CONVERSION = YES;
				CLANG_WARN_COMMA = YES;
				CLANG_WARN_CONSTANT_CONVERSION = YES;
				CLANG_WARN_DEPRECATED_OBJC_IMPLEMENTATIONS = YES;
				CLANG_WARN_DIRECT_OBJC_ISA_USAGE = YES_ERROR;
				CLANG_WARN_DOCUMENTATION_COMMENTS = YES;
				CLANG_WARN_EMPTY_BODY = YES;
				CLANG_WARN_ENUM_CONVERSION = YES;
				CLANG_WARN_INFINITE_RECURSION = YES;
				CLANG_WARN_INT_CONVERSION = YES;
				CLANG_WARN_NON_LITERAL_NULL_CONVERSION = YES;
				CLANG_WARN_OBJC_IMPLICIT_RETAIN_SELF = YES;
				CLANG_WARN_OBJC_LITERAL_CONVERSION = YES;
				CLANG_WARN_OBJC_ROOT_CLASS = YES_ERROR;
				CLANG_WARN_QUOTED_INCLUDE_IN_FRAMEWORK_HEADER = YES;
				CLANG_WARN_RANGE_LOOP_ANALYSIS = YES;
				CLANG_WARN_STRICT_PROTOTYPES = YES;
				CLANG_WARN_SUSPICIOUS_MOVE = YES;
				CLANG_WARN_UNGUARDED_AVAILABILITY = YES_AGGRESSIVE;
				CLANG_WARN_UNREACHABLE_CODE = YES;
				CLANG_WARN__DUPLICATE_METHOD_MATCH = YES;
				COPY_PHASE_STRIP = NO;
				DEBUG_INFORMATION_FORMAT = "dwarf-with-dsym";
				ENABLE_NS_ASSERTIONS = NO;
				ENABLE_STRICT_OBJC_MSGSEND = YES;
				GCC_C_LANGUAGE_STANDARD = gnu11;
				GCC_NO_COMMON_BLOCKS = YES;
				GCC_WARN_64_TO_32_BIT_CONVERSION = YES;
				GCC_WARN_ABOUT_RETURN_TYPE = YES_ERROR;
				GCC_WARN_UNDECLARED_SELECTOR = YES;
				GCC_WARN_UNINITIALIZED_AUTOS = YES_AGGRESSIVE;
				GCC_WARN_UNUSED_FUNCTION = YES;
				GCC_WARN_UNUSED_VARIABLE = YES;
				IPHONEOS_DEPLOYMENT_TARGET = 15.0;
				MTL_ENABLE_DEBUG_INFO = NO;
				MTL_FAST_MATH = YES;
				SDKROOT = iphoneos;
				SWIFT_COMPILATION_MODE = wholemodule;
				SWIFT_OPTIMIZATION_LEVEL = "-O";
				VALIDATE_PRODUCT = YES;
			};
			name = Release;
		};
		B272CF3627647C2B0084952E /* Debug */ = {
			isa = XCBuildConfiguration;
			buildSettings = {
				ASSETCATALOG_COMPILER_APPICON_NAME = AppIcon;
				ASSETCATALOG_COMPILER_GLOBAL_ACCENT_COLOR_NAME = AccentColor;
				CODE_SIGN_STYLE = Automatic;
				CURRENT_PROJECT_VERSION = 1;
				DEVELOPMENT_ASSET_PATHS = "\"TodoList App/Preview Content\"";
				DEVELOPMENT_TEAM = 5HVJG8W44U;
				ENABLE_PREVIEWS = YES;
				GENERATE_INFOPLIST_FILE = YES;
				INFOPLIST_KEY_NSCalendarsUsageDescription = "For create event ";
				INFOPLIST_KEY_UIApplicationSceneManifest_Generation = YES;
				INFOPLIST_KEY_UIApplicationSupportsIndirectInputEvents = YES;
				INFOPLIST_KEY_UILaunchScreen_Generation = YES;
				INFOPLIST_KEY_UISupportedInterfaceOrientations_iPad = "UIInterfaceOrientationPortrait UIInterfaceOrientationPortraitUpsideDown UIInterfaceOrientationLandscapeLeft UIInterfaceOrientationLandscapeRight";
				INFOPLIST_KEY_UISupportedInterfaceOrientations_iPhone = "UIInterfaceOrientationPortrait UIInterfaceOrientationLandscapeLeft UIInterfaceOrientationLandscapeRight";
				LD_RUNPATH_SEARCH_PATHS = (
					"$(inherited)",
					"@executable_path/Frameworks",
				);
				MARKETING_VERSION = 1.0;
				PRODUCT_BUNDLE_IDENTIFIER = "SCC.TodoList-App";
				PRODUCT_NAME = "$(TARGET_NAME)";
				SWIFT_EMIT_LOC_STRINGS = YES;
				SWIFT_VERSION = 5.0;
				TARGETED_DEVICE_FAMILY = "1,2";
			};
			name = Debug;
		};
		B272CF3727647C2B0084952E /* Release */ = {
			isa = XCBuildConfiguration;
			buildSettings = {
				ASSETCATALOG_COMPILER_APPICON_NAME = AppIcon;
				ASSETCATALOG_COMPILER_GLOBAL_ACCENT_COLOR_NAME = AccentColor;
				CODE_SIGN_STYLE = Automatic;
				CURRENT_PROJECT_VERSION = 1;
				DEVELOPMENT_ASSET_PATHS = "\"TodoList App/Preview Content\"";
				DEVELOPMENT_TEAM = 5HVJG8W44U;
				ENABLE_PREVIEWS = YES;
				GENERATE_INFOPLIST_FILE = YES;
				INFOPLIST_KEY_NSCalendarsUsageDescription = "For create event ";
				INFOPLIST_KEY_UIApplicationSceneManifest_Generation = YES;
				INFOPLIST_KEY_UIApplicationSupportsIndirectInputEvents = YES;
				INFOPLIST_KEY_UILaunchScreen_Generation = YES;
				INFOPLIST_KEY_UISupportedInterfaceOrientations_iPad = "UIInterfaceOrientationPortrait UIInterfaceOrientationPortraitUpsideDown UIInterfaceOrientationLandscapeLeft UIInterfaceOrientationLandscapeRight";
				INFOPLIST_KEY_UISupportedInterfaceOrientations_iPhone = "UIInterfaceOrientationPortrait UIInterfaceOrientationLandscapeLeft UIInterfaceOrientationLandscapeRight";
				LD_RUNPATH_SEARCH_PATHS = (
					"$(inherited)",
					"@executable_path/Frameworks",
				);
				MARKETING_VERSION = 1.0;
				PRODUCT_BUNDLE_IDENTIFIER = "SCC.TodoList-App";
				PRODUCT_NAME = "$(TARGET_NAME)";
				SWIFT_EMIT_LOC_STRINGS = YES;
				SWIFT_VERSION = 5.0;
				TARGETED_DEVICE_FAMILY = "1,2";
			};
			name = Release;
		};
/* End XCBuildConfiguration section */

/* Begin XCConfigurationList section */
		B272CF1D27647C2A0084952E /* Build configuration list for PBXProject "TodoList App" */ = {
			isa = XCConfigurationList;
			buildConfigurations = (
				B272CF3327647C2B0084952E /* Debug */,
				B272CF3427647C2B0084952E /* Release */,
			);
			defaultConfigurationIsVisible = 0;
			defaultConfigurationName = Release;
		};
		B272CF3527647C2B0084952E /* Build configuration list for PBXNativeTarget "TodoList App" */ = {
			isa = XCConfigurationList;
			buildConfigurations = (
				B272CF3627647C2B0084952E /* Debug */,
				B272CF3727647C2B0084952E /* Release */,
			);
			defaultConfigurationIsVisible = 0;
			defaultConfigurationName = Release;
		};
/* End XCConfigurationList section */

/* Begin XCVersionGroup section */
		B272CF3027647C2B0084952E /* TodoList_App.xcdatamodeld */ = {
			isa = XCVersionGroup;
			children = (
				B272CF3127647C2B0084952E /* TodoList_App.xcdatamodel */,
			);
			currentVersion = B272CF3127647C2B0084952E /* TodoList_App.xcdatamodel */;
			path = TodoList_App.xcdatamodeld;
			sourceTree = "<group>";
			versionGroupType = wrapper.xcdatamodel;
		};
/* End XCVersionGroup section */
	};
	rootObject = B272CF1A27647C2A0084952E /* Project object */;
}
